
Microsoft Visual Studio Solution File, Format Version 12.00
# Visual Studio 15
VisualStudioVersion = 15.0.27703.2035
MinimumVisualStudioVersion = 10.0.40219.1
Project("{2150E333-8FDC-42A3-9474-1A3956D46DE8}") = "src", "src", "{926593BE-6A7E-4924-B976-B3D498F82225}"
EndProject
Project("{2150E333-8FDC-42A3-9474-1A3956D46DE8}") = "services", "services", "{6BE63CBE-9048-4229-A002-2B1A5CF37E0E}"
EndProject
Project("{9A19103F-16F7-4668-BE54-9A1E7A4F7556}") = "EventCatalogAPI", "EventCatalogAPI\EventCatalogAPI.csproj", "{BA337860-638E-4145-870B-21DC4C21AEE4}"
EndProject
Project("{2150E333-8FDC-42A3-9474-1A3956D46DE8}") = "web", "web", "{B2F8E5CF-6140-437E-8A98-686548C6E650}"
EndProject
Project("{9A19103F-16F7-4668-BE54-9A1E7A4F7556}") = "WebMvc", "WebMvc\WebMvc.csproj", "{53CD40A5-D967-4637-B5D9-E686F7957AA8}"
EndProject
Project("{E53339B2-1760-4266-BCC7-CA923CBCF16C}") = "docker-compose", "docker-compose.dcproj", "{7391803B-18B8-4E33-AC34-8F753FBB4E2B}"
EndProject
Global
	GlobalSection(SolutionConfigurationPlatforms) = preSolution
		Debug|Any CPU = Debug|Any CPU
		Release|Any CPU = Release|Any CPU
	EndGlobalSection
	GlobalSection(ProjectConfigurationPlatforms) = postSolution
		{BA337860-638E-4145-870B-21DC4C21AEE4}.Debug|Any CPU.ActiveCfg = Debug|Any CPU
		{BA337860-638E-4145-870B-21DC4C21AEE4}.Debug|Any CPU.Build.0 = Debug|Any CPU
		{BA337860-638E-4145-870B-21DC4C21AEE4}.Release|Any CPU.ActiveCfg = Release|Any CPU
		{BA337860-638E-4145-870B-21DC4C21AEE4}.Release|Any CPU.Build.0 = Release|Any CPU
		{53CD40A5-D967-4637-B5D9-E686F7957AA8}.Debug|Any CPU.ActiveCfg = Debug|Any CPU
		{53CD40A5-D967-4637-B5D9-E686F7957AA8}.Debug|Any CPU.Build.0 = Debug|Any CPU
		{53CD40A5-D967-4637-B5D9-E686F7957AA8}.Release|Any CPU.ActiveCfg = Release|Any CPU
		{53CD40A5-D967-4637-B5D9-E686F7957AA8}.Release|Any CPU.Build.0 = Release|Any CPU
		{7391803B-18B8-4E33-AC34-8F753FBB4E2B}.Debug|Any CPU.ActiveCfg = Debug|Any CPU
		{7391803B-18B8-4E33-AC34-8F753FBB4E2B}.Debug|Any CPU.Build.0 = Debug|Any CPU
		{7391803B-18B8-4E33-AC34-8F753FBB4E2B}.Release|Any CPU.ActiveCfg = Release|Any CPU
		{7391803B-18B8-4E33-AC34-8F753FBB4E2B}.Release|Any CPU.Build.0 = Release|Any CPU
	EndGlobalSection
	GlobalSection(SolutionProperties) = preSolution
		HideSolutionNode = FALSE
	EndGlobalSection
	GlobalSection(NestedProjects) = preSolution
		{6BE63CBE-9048-4229-A002-2B1A5CF37E0E} = {926593BE-6A7E-4924-B976-B3D498F82225}
		{BA337860-638E-4145-870B-21DC4C21AEE4} = {6BE63CBE-9048-4229-A002-2B1A5CF37E0E}
		{B2F8E5CF-6140-437E-8A98-686548C6E650} = {926593BE-6A7E-4924-B976-B3D498F82225}
		{53CD40A5-D967-4637-B5D9-E686F7957AA8} = {B2F8E5CF-6140-437E-8A98-686548C6E650}
	EndGlobalSection
	GlobalSection(ExtensibilityGlobals) = postSolution
		SolutionGuid = {E44DAC9D-C63E-4B37-B6E0-6BDF9591CC51}
	EndGlobalSection
EndGlobal
